// !$*UTF8*$!
{
	archiveVersion = 1;
	classes = {
	};
	objectVersion = 46;
	objects = {

/* Begin PBXBuildFile section */
		711B7F6918A41B4B008702FC /* ARStateViewController.m in Sources */ = {isa = PBXBuildFile; fileRef = 711B7F6718A41B4B008702FC /* ARStateViewController.m */; };
		711B7F6A18A41B4B008702FC /* ARStateViewController~iphone.xib in Resources */ = {isa = PBXBuildFile; fileRef = 711B7F6818A41B4B008702FC /* ARStateViewController~iphone.xib */; };
		711B7F6E18A41DAB008702FC /* Parse.framework in Frameworks */ = {isa = PBXBuildFile; fileRef = 711B7F6D18A41DAB008702FC /* Parse.framework */; };
		711B7F7018A41DD9008702FC /* AudioToolbox.framework in Frameworks */ = {isa = PBXBuildFile; fileRef = 711B7F6F18A41DD9008702FC /* AudioToolbox.framework */; };
		711B7F7218A41DE0008702FC /* CFNetwork.framework in Frameworks */ = {isa = PBXBuildFile; fileRef = 711B7F7118A41DE0008702FC /* CFNetwork.framework */; };
		711B7F7418A41DED008702FC /* CoreLocation.framework in Frameworks */ = {isa = PBXBuildFile; fileRef = 711B7F7318A41DED008702FC /* CoreLocation.framework */; };
		711B7F7618A41DF5008702FC /* libz.dylib in Frameworks */ = {isa = PBXBuildFile; fileRef = 711B7F7518A41DF5008702FC /* libz.dylib */; };
		711B7F7818A41E04008702FC /* MobileCoreServices.framework in Frameworks */ = {isa = PBXBuildFile; fileRef = 711B7F7718A41E04008702FC /* MobileCoreServices.framework */; };
		711B7F7A18A41E0D008702FC /* QuartzCore.framework in Frameworks */ = {isa = PBXBuildFile; fileRef = 711B7F7918A41E0D008702FC /* QuartzCore.framework */; };
		711B7F7C18A41E1A008702FC /* Security.framework in Frameworks */ = {isa = PBXBuildFile; fileRef = 711B7F7B18A41E1A008702FC /* Security.framework */; };
		711B7F7E18A41E23008702FC /* StoreKit.framework in Frameworks */ = {isa = PBXBuildFile; fileRef = 711B7F7D18A41E23008702FC /* StoreKit.framework */; };
		711B7F8018A41E33008702FC /* SystemConfiguration.framework in Frameworks */ = {isa = PBXBuildFile; fileRef = 711B7F7F18A41E33008702FC /* SystemConfiguration.framework */; };
		711B7F8218A42528008702FC /* FacebookSDK.framework in Frameworks */ = {isa = PBXBuildFile; fileRef = 711B7F8118A42528008702FC /* FacebookSDK.framework */; };
		711B7F8418A4263B008702FC /* ARStateViewController~ipad.xib in Resources */ = {isa = PBXBuildFile; fileRef = 711B7F8318A4263B008702FC /* ARStateViewController~ipad.xib */; };
		7129541818B3D08E00A3C27A /* Weapon.m in Sources */ = {isa = PBXBuildFile; fileRef = 7129541718B3D08E00A3C27A /* Weapon.m */; };
		713A6C4618A2A00C00741726 /* Foundation.framework in Frameworks */ = {isa = PBXBuildFile; fileRef = 713A6C4518A2A00C00741726 /* Foundation.framework */; };
		713A6C4818A2A00C00741726 /* CoreGraphics.framework in Frameworks */ = {isa = PBXBuildFile; fileRef = 713A6C4718A2A00C00741726 /* CoreGraphics.framework */; };
		713A6C4A18A2A00C00741726 /* UIKit.framework in Frameworks */ = {isa = PBXBuildFile; fileRef = 713A6C4918A2A00C00741726 /* UIKit.framework */; };
		713A6C5018A2A00C00741726 /* InfoPlist.strings in Resources */ = {isa = PBXBuildFile; fileRef = 713A6C4E18A2A00C00741726 /* InfoPlist.strings */; };
		713A6C5218A2A00C00741726 /* main.m in Sources */ = {isa = PBXBuildFile; fileRef = 713A6C5118A2A00C00741726 /* main.m */; };
		713A6C5618A2A00C00741726 /* ARAppDelegate.m in Sources */ = {isa = PBXBuildFile; fileRef = 713A6C5518A2A00C00741726 /* ARAppDelegate.m */; };
		713A6C5818A2A00C00741726 /* Images.xcassets in Resources */ = {isa = PBXBuildFile; fileRef = 713A6C5718A2A00C00741726 /* Images.xcassets */; };
		713A6C5F18A2A00C00741726 /* XCTest.framework in Frameworks */ = {isa = PBXBuildFile; fileRef = 713A6C5E18A2A00C00741726 /* XCTest.framework */; };
		713A6C6018A2A00C00741726 /* Foundation.framework in Frameworks */ = {isa = PBXBuildFile; fileRef = 713A6C4518A2A00C00741726 /* Foundation.framework */; };
		713A6C6118A2A00C00741726 /* UIKit.framework in Frameworks */ = {isa = PBXBuildFile; fileRef = 713A6C4918A2A00C00741726 /* UIKit.framework */; };
		713A6C6918A2A00C00741726 /* InfoPlist.strings in Resources */ = {isa = PBXBuildFile; fileRef = 713A6C6718A2A00C00741726 /* InfoPlist.strings */; };
		713A6C6B18A2A00C00741726 /* ARMapTests.m in Sources */ = {isa = PBXBuildFile; fileRef = 713A6C6A18A2A00C00741726 /* ARMapTests.m */; };
		713A6C7818A2A0F400741726 /* ARMapViewController.m in Sources */ = {isa = PBXBuildFile; fileRef = 713A6C7618A2A0F400741726 /* ARMapViewController.m */; };
		713A6C7918A2A0F400741726 /* ARMapViewController~iphone.xib in Resources */ = {isa = PBXBuildFile; fileRef = 713A6C7718A2A0F400741726 /* ARMapViewController~iphone.xib */; };
		713A6C7C18A2A1A500741726 /* ARMapViewController~ipad.xib in Resources */ = {isa = PBXBuildFile; fileRef = 713A6C7B18A2A1A500741726 /* ARMapViewController~ipad.xib */; };
		713A6C7E18A2A4F000741726 /* MapKit.framework in Frameworks */ = {isa = PBXBuildFile; fileRef = 713A6C7D18A2A4F000741726 /* MapKit.framework */; };
		713A6C8118A2AAB400741726 /* ARGeoPointAnnotation.m in Sources */ = {isa = PBXBuildFile; fileRef = 713A6C8018A2AAB400741726 /* ARGeoPointAnnotation.m */; };
		713A6C8518A2C79C00741726 /* cat.png in Resources */ = {isa = PBXBuildFile; fileRef = 713A6C8318A2C79C00741726 /* cat.png */; };
		713A6C8618A2C79C00741726 /* monkey.png in Resources */ = {isa = PBXBuildFile; fileRef = 713A6C8418A2C79C00741726 /* monkey.png */; };
		7144206E18A95C5F0020BD0A /* UserInfo.xcdatamodeld in Sources */ = {isa = PBXBuildFile; fileRef = 7144206C18A95C5F0020BD0A /* UserInfo.xcdatamodeld */; };
		7144207118A960030020BD0A /* User.m in Sources */ = {isa = PBXBuildFile; fileRef = 7144207018A960030020BD0A /* User.m */; };
		7144207318A961000020BD0A /* CoreData.framework in Frameworks */ = {isa = PBXBuildFile; fileRef = 7144207218A961000020BD0A /* CoreData.framework */; };
		7144207618A961C70020BD0A /* ARCoreDataController.m in Sources */ = {isa = PBXBuildFile; fileRef = 7144207518A961C70020BD0A /* ARCoreDataController.m */; };
		719571F018A96DBF00464B00 /* Score.m in Sources */ = {isa = PBXBuildFile; fileRef = 719571EF18A96DBF00464B00 /* Score.m */; };
		71CB40FD18A5338C00A7B1A4 /* ARGeoQueryAnnotation.m in Sources */ = {isa = PBXBuildFile; fileRef = 71CB40FC18A5338B00A7B1A4 /* ARGeoQueryAnnotation.m */; };
		71CB410118A5342000A7B1A4 /* ARCircleOverlay.m in Sources */ = {isa = PBXBuildFile; fileRef = 71CB410018A5342000A7B1A4 /* ARCircleOverlay.m */; };
		71CB412018A5902E00A7B1A4 /* MKAnnotationView+WebCache.m in Sources */ = {isa = PBXBuildFile; fileRef = 71CB410418A5902E00A7B1A4 /* MKAnnotationView+WebCache.m */; };
		71CB412118A5902E00A7B1A4 /* NSData+GIF.m in Sources */ = {isa = PBXBuildFile; fileRef = 71CB410618A5902E00A7B1A4 /* NSData+GIF.m */; };
		71CB412218A5902E00A7B1A4 /* SDImageCache.m in Sources */ = {isa = PBXBuildFile; fileRef = 71CB410818A5902E00A7B1A4 /* SDImageCache.m */; };
		71CB412318A5902E00A7B1A4 /* SDWebImageCompat.m in Sources */ = {isa = PBXBuildFile; fileRef = 71CB410A18A5902E00A7B1A4 /* SDWebImageCompat.m */; };
		71CB412418A5902E00A7B1A4 /* SDWebImageDecoder.m in Sources */ = {isa = PBXBuildFile; fileRef = 71CB410C18A5902E00A7B1A4 /* SDWebImageDecoder.m */; };
		71CB412518A5902E00A7B1A4 /* SDWebImageDownloader.m in Sources */ = {isa = PBXBuildFile; fileRef = 71CB410E18A5902E00A7B1A4 /* SDWebImageDownloader.m */; };
		71CB412618A5902E00A7B1A4 /* SDWebImageDownloaderOperation.m in Sources */ = {isa = PBXBuildFile; fileRef = 71CB411018A5902E00A7B1A4 /* SDWebImageDownloaderOperation.m */; };
		71CB412718A5902E00A7B1A4 /* SDWebImageManager.m in Sources */ = {isa = PBXBuildFile; fileRef = 71CB411218A5902E00A7B1A4 /* SDWebImageManager.m */; };
		71CB412818A5902E00A7B1A4 /* SDWebImagePrefetcher.m in Sources */ = {isa = PBXBuildFile; fileRef = 71CB411518A5902E00A7B1A4 /* SDWebImagePrefetcher.m */; };
		71CB412918A5902E00A7B1A4 /* UIButton+WebCache.m in Sources */ = {isa = PBXBuildFile; fileRef = 71CB411718A5902E00A7B1A4 /* UIButton+WebCache.m */; };
		71CB412A18A5902E00A7B1A4 /* UIImage+GIF.m in Sources */ = {isa = PBXBuildFile; fileRef = 71CB411918A5902E00A7B1A4 /* UIImage+GIF.m */; };
		71CB412B18A5902E00A7B1A4 /* UIImage+MultiFormat.m in Sources */ = {isa = PBXBuildFile; fileRef = 71CB411B18A5902E00A7B1A4 /* UIImage+MultiFormat.m */; };
		71CB412C18A5902E00A7B1A4 /* UIImage+WebP.m in Sources */ = {isa = PBXBuildFile; fileRef = 71CB411D18A5902E00A7B1A4 /* UIImage+WebP.m */; };
		71CB412D18A5902E00A7B1A4 /* UIImageView+WebCache.m in Sources */ = {isa = PBXBuildFile; fileRef = 71CB411F18A5902E00A7B1A4 /* UIImageView+WebCache.m */; };
/* End PBXBuildFile section */

/* Begin PBXContainerItemProxy section */
		713A6C6218A2A00C00741726 /* PBXContainerItemProxy */ = {
			isa = PBXContainerItemProxy;
			containerPortal = 713A6C3A18A2A00C00741726 /* Project object */;
			proxyType = 1;
			remoteGlobalIDString = 713A6C4118A2A00C00741726;
			remoteInfo = ARMap;
		};
/* End PBXContainerItemProxy section */

/* Begin PBXFileReference section */
		711B7F6618A41B4B008702FC /* ARStateViewController.h */ = {isa = PBXFileReference; fileEncoding = 4; lastKnownFileType = sourcecode.c.h; path = ARStateViewController.h; sourceTree = "<group>"; };
		711B7F6718A41B4B008702FC /* ARStateViewController.m */ = {isa = PBXFileReference; fileEncoding = 4; lastKnownFileType = sourcecode.c.objc; path = ARStateViewController.m; sourceTree = "<group>"; };
		711B7F6818A41B4B008702FC /* ARStateViewController~iphone.xib */ = {isa = PBXFileReference; fileEncoding = 4; lastKnownFileType = file.xib; path = "ARStateViewController~iphone.xib"; sourceTree = "<group>"; };
		711B7F6D18A41DAB008702FC /* Parse.framework */ = {isa = PBXFileReference; lastKnownFileType = wrapper.framework; path = Parse.framework; sourceTree = "<group>"; };
		711B7F6F18A41DD9008702FC /* AudioToolbox.framework */ = {isa = PBXFileReference; lastKnownFileType = wrapper.framework; name = AudioToolbox.framework; path = System/Library/Frameworks/AudioToolbox.framework; sourceTree = SDKROOT; };
		711B7F7118A41DE0008702FC /* CFNetwork.framework */ = {isa = PBXFileReference; lastKnownFileType = wrapper.framework; name = CFNetwork.framework; path = System/Library/Frameworks/CFNetwork.framework; sourceTree = SDKROOT; };
		711B7F7318A41DED008702FC /* CoreLocation.framework */ = {isa = PBXFileReference; lastKnownFileType = wrapper.framework; name = CoreLocation.framework; path = System/Library/Frameworks/CoreLocation.framework; sourceTree = SDKROOT; };
		711B7F7518A41DF5008702FC /* libz.dylib */ = {isa = PBXFileReference; lastKnownFileType = "compiled.mach-o.dylib"; name = libz.dylib; path = usr/lib/libz.dylib; sourceTree = SDKROOT; };
		711B7F7718A41E04008702FC /* MobileCoreServices.framework */ = {isa = PBXFileReference; lastKnownFileType = wrapper.framework; name = MobileCoreServices.framework; path = System/Library/Frameworks/MobileCoreServices.framework; sourceTree = SDKROOT; };
		711B7F7918A41E0D008702FC /* QuartzCore.framework */ = {isa = PBXFileReference; lastKnownFileType = wrapper.framework; name = QuartzCore.framework; path = System/Library/Frameworks/QuartzCore.framework; sourceTree = SDKROOT; };
		711B7F7B18A41E1A008702FC /* Security.framework */ = {isa = PBXFileReference; lastKnownFileType = wrapper.framework; name = Security.framework; path = System/Library/Frameworks/Security.framework; sourceTree = SDKROOT; };
		711B7F7D18A41E23008702FC /* StoreKit.framework */ = {isa = PBXFileReference; lastKnownFileType = wrapper.framework; name = StoreKit.framework; path = System/Library/Frameworks/StoreKit.framework; sourceTree = SDKROOT; };
		711B7F7F18A41E33008702FC /* SystemConfiguration.framework */ = {isa = PBXFileReference; lastKnownFileType = wrapper.framework; name = SystemConfiguration.framework; path = System/Library/Frameworks/SystemConfiguration.framework; sourceTree = SDKROOT; };
		711B7F8118A42528008702FC /* FacebookSDK.framework */ = {isa = PBXFileReference; lastKnownFileType = wrapper.framework; path = FacebookSDK.framework; sourceTree = "<group>"; };
		711B7F8318A4263B008702FC /* ARStateViewController~ipad.xib */ = {isa = PBXFileReference; fileEncoding = 4; lastKnownFileType = file.xib; path = "ARStateViewController~ipad.xib"; sourceTree = "<group>"; };
		7129541618B3D08E00A3C27A /* Weapon.h */ = {isa = PBXFileReference; fileEncoding = 4; lastKnownFileType = sourcecode.c.h; path = Weapon.h; sourceTree = "<group>"; };
		7129541718B3D08E00A3C27A /* Weapon.m */ = {isa = PBXFileReference; fileEncoding = 4; lastKnownFileType = sourcecode.c.objc; path = Weapon.m; sourceTree = "<group>"; };
		713A6C4218A2A00C00741726 /* ARMap.app */ = {isa = PBXFileReference; explicitFileType = wrapper.application; includeInIndex = 0; path = ARMap.app; sourceTree = BUILT_PRODUCTS_DIR; };
		713A6C4518A2A00C00741726 /* Foundation.framework */ = {isa = PBXFileReference; lastKnownFileType = wrapper.framework; name = Foundation.framework; path = System/Library/Frameworks/Foundation.framework; sourceTree = SDKROOT; };
		713A6C4718A2A00C00741726 /* CoreGraphics.framework */ = {isa = PBXFileReference; lastKnownFileType = wrapper.framework; name = CoreGraphics.framework; path = System/Library/Frameworks/CoreGraphics.framework; sourceTree = SDKROOT; };
		713A6C4918A2A00C00741726 /* UIKit.framework */ = {isa = PBXFileReference; lastKnownFileType = wrapper.framework; name = UIKit.framework; path = System/Library/Frameworks/UIKit.framework; sourceTree = SDKROOT; };
		713A6C4D18A2A00C00741726 /* ARMap-Info.plist */ = {isa = PBXFileReference; lastKnownFileType = text.plist.xml; path = "ARMap-Info.plist"; sourceTree = "<group>"; };
		713A6C4F18A2A00C00741726 /* en */ = {isa = PBXFileReference; lastKnownFileType = text.plist.strings; name = en; path = en.lproj/InfoPlist.strings; sourceTree = "<group>"; };
		713A6C5118A2A00C00741726 /* main.m */ = {isa = PBXFileReference; lastKnownFileType = sourcecode.c.objc; path = main.m; sourceTree = "<group>"; };
		713A6C5318A2A00C00741726 /* ARMap-Prefix.pch */ = {isa = PBXFileReference; lastKnownFileType = sourcecode.c.h; path = "ARMap-Prefix.pch"; sourceTree = "<group>"; };
		713A6C5418A2A00C00741726 /* ARAppDelegate.h */ = {isa = PBXFileReference; lastKnownFileType = sourcecode.c.h; path = ARAppDelegate.h; sourceTree = "<group>"; };
		713A6C5518A2A00C00741726 /* ARAppDelegate.m */ = {isa = PBXFileReference; lastKnownFileType = sourcecode.c.objc; path = ARAppDelegate.m; sourceTree = "<group>"; };
		713A6C5718A2A00C00741726 /* Images.xcassets */ = {isa = PBXFileReference; lastKnownFileType = folder.assetcatalog; path = Images.xcassets; sourceTree = "<group>"; };
		713A6C5D18A2A00C00741726 /* ARMapTests.xctest */ = {isa = PBXFileReference; explicitFileType = wrapper.cfbundle; includeInIndex = 0; path = ARMapTests.xctest; sourceTree = BUILT_PRODUCTS_DIR; };
		713A6C5E18A2A00C00741726 /* XCTest.framework */ = {isa = PBXFileReference; lastKnownFileType = wrapper.framework; name = XCTest.framework; path = Library/Frameworks/XCTest.framework; sourceTree = DEVELOPER_DIR; };
		713A6C6618A2A00C00741726 /* ARMapTests-Info.plist */ = {isa = PBXFileReference; lastKnownFileType = text.plist.xml; path = "ARMapTests-Info.plist"; sourceTree = "<group>"; };
		713A6C6818A2A00C00741726 /* en */ = {isa = PBXFileReference; lastKnownFileType = text.plist.strings; name = en; path = en.lproj/InfoPlist.strings; sourceTree = "<group>"; };
		713A6C6A18A2A00C00741726 /* ARMapTests.m */ = {isa = PBXFileReference; lastKnownFileType = sourcecode.c.objc; path = ARMapTests.m; sourceTree = "<group>"; };
		713A6C7518A2A0F400741726 /* ARMapViewController.h */ = {isa = PBXFileReference; fileEncoding = 4; lastKnownFileType = sourcecode.c.h; path = ARMapViewController.h; sourceTree = "<group>"; };
		713A6C7618A2A0F400741726 /* ARMapViewController.m */ = {isa = PBXFileReference; fileEncoding = 4; lastKnownFileType = sourcecode.c.objc; path = ARMapViewController.m; sourceTree = "<group>"; };
		713A6C7718A2A0F400741726 /* ARMapViewController~iphone.xib */ = {isa = PBXFileReference; fileEncoding = 4; lastKnownFileType = file.xib; path = "ARMapViewController~iphone.xib"; sourceTree = "<group>"; };
		713A6C7B18A2A1A500741726 /* ARMapViewController~ipad.xib */ = {isa = PBXFileReference; fileEncoding = 4; lastKnownFileType = file.xib; path = "ARMapViewController~ipad.xib"; sourceTree = "<group>"; };
		713A6C7D18A2A4F000741726 /* MapKit.framework */ = {isa = PBXFileReference; lastKnownFileType = wrapper.framework; name = MapKit.framework; path = System/Library/Frameworks/MapKit.framework; sourceTree = SDKROOT; };
		713A6C7F18A2AAB400741726 /* ARGeoPointAnnotation.h */ = {isa = PBXFileReference; fileEncoding = 4; lastKnownFileType = sourcecode.c.h; path = ARGeoPointAnnotation.h; sourceTree = "<group>"; };
		713A6C8018A2AAB400741726 /* ARGeoPointAnnotation.m */ = {isa = PBXFileReference; fileEncoding = 4; lastKnownFileType = sourcecode.c.objc; path = ARGeoPointAnnotation.m; sourceTree = "<group>"; };
		713A6C8318A2C79C00741726 /* cat.png */ = {isa = PBXFileReference; lastKnownFileType = image.png; path = cat.png; sourceTree = "<group>"; };
		713A6C8418A2C79C00741726 /* monkey.png */ = {isa = PBXFileReference; lastKnownFileType = image.png; path = monkey.png; sourceTree = "<group>"; };
		7144206D18A95C5F0020BD0A /* UserInfo.xcdatamodel */ = {isa = PBXFileReference; lastKnownFileType = wrapper.xcdatamodel; path = UserInfo.xcdatamodel; sourceTree = "<group>"; };
		7144206F18A960030020BD0A /* User.h */ = {isa = PBXFileReference; fileEncoding = 4; lastKnownFileType = sourcecode.c.h; path = User.h; sourceTree = "<group>"; };
		7144207018A960030020BD0A /* User.m */ = {isa = PBXFileReference; fileEncoding = 4; lastKnownFileType = sourcecode.c.objc; path = User.m; sourceTree = "<group>"; };
		7144207218A961000020BD0A /* CoreData.framework */ = {isa = PBXFileReference; lastKnownFileType = wrapper.framework; name = CoreData.framework; path = System/Library/Frameworks/CoreData.framework; sourceTree = SDKROOT; };
		7144207418A961C70020BD0A /* ARCoreDataController.h */ = {isa = PBXFileReference; fileEncoding = 4; lastKnownFileType = sourcecode.c.h; path = ARCoreDataController.h; sourceTree = "<group>"; };
		7144207518A961C70020BD0A /* ARCoreDataController.m */ = {isa = PBXFileReference; fileEncoding = 4; lastKnownFileType = sourcecode.c.objc; path = ARCoreDataController.m; sourceTree = "<group>"; };
		719571EE18A96DBF00464B00 /* Score.h */ = {isa = PBXFileReference; fileEncoding = 4; lastKnownFileType = sourcecode.c.h; path = Score.h; sourceTree = "<group>"; };
		719571EF18A96DBF00464B00 /* Score.m */ = {isa = PBXFileReference; fileEncoding = 4; lastKnownFileType = sourcecode.c.objc; path = Score.m; sourceTree = "<group>"; };
		71CB40FB18A5338B00A7B1A4 /* ARGeoQueryAnnotation.h */ = {isa = PBXFileReference; fileEncoding = 4; lastKnownFileType = sourcecode.c.h; path = ARGeoQueryAnnotation.h; sourceTree = "<group>"; };
		71CB40FC18A5338B00A7B1A4 /* ARGeoQueryAnnotation.m */ = {isa = PBXFileReference; fileEncoding = 4; lastKnownFileType = sourcecode.c.objc; path = ARGeoQueryAnnotation.m; sourceTree = "<group>"; };
		71CB40FF18A5342000A7B1A4 /* ARCircleOverlay.h */ = {isa = PBXFileReference; fileEncoding = 4; lastKnownFileType = sourcecode.c.h; path = ARCircleOverlay.h; sourceTree = "<group>"; };
		71CB410018A5342000A7B1A4 /* ARCircleOverlay.m */ = {isa = PBXFileReference; fileEncoding = 4; lastKnownFileType = sourcecode.c.objc; path = ARCircleOverlay.m; sourceTree = "<group>"; };
		71CB410318A5902E00A7B1A4 /* MKAnnotationView+WebCache.h */ = {isa = PBXFileReference; fileEncoding = 4; lastKnownFileType = sourcecode.c.h; path = "MKAnnotationView+WebCache.h"; sourceTree = "<group>"; };
		71CB410418A5902E00A7B1A4 /* MKAnnotationView+WebCache.m */ = {isa = PBXFileReference; fileEncoding = 4; lastKnownFileType = sourcecode.c.objc; path = "MKAnnotationView+WebCache.m"; sourceTree = "<group>"; };
		71CB410518A5902E00A7B1A4 /* NSData+GIF.h */ = {isa = PBXFileReference; fileEncoding = 4; lastKnownFileType = sourcecode.c.h; path = "NSData+GIF.h"; sourceTree = "<group>"; };
		71CB410618A5902E00A7B1A4 /* NSData+GIF.m */ = {isa = PBXFileReference; fileEncoding = 4; lastKnownFileType = sourcecode.c.objc; path = "NSData+GIF.m"; sourceTree = "<group>"; };
		71CB410718A5902E00A7B1A4 /* SDImageCache.h */ = {isa = PBXFileReference; fileEncoding = 4; lastKnownFileType = sourcecode.c.h; path = SDImageCache.h; sourceTree = "<group>"; };
		71CB410818A5902E00A7B1A4 /* SDImageCache.m */ = {isa = PBXFileReference; fileEncoding = 4; lastKnownFileType = sourcecode.c.objc; path = SDImageCache.m; sourceTree = "<group>"; };
		71CB410918A5902E00A7B1A4 /* SDWebImageCompat.h */ = {isa = PBXFileReference; fileEncoding = 4; lastKnownFileType = sourcecode.c.h; path = SDWebImageCompat.h; sourceTree = "<group>"; };
		71CB410A18A5902E00A7B1A4 /* SDWebImageCompat.m */ = {isa = PBXFileReference; fileEncoding = 4; lastKnownFileType = sourcecode.c.objc; path = SDWebImageCompat.m; sourceTree = "<group>"; };
		71CB410B18A5902E00A7B1A4 /* SDWebImageDecoder.h */ = {isa = PBXFileReference; fileEncoding = 4; lastKnownFileType = sourcecode.c.h; path = SDWebImageDecoder.h; sourceTree = "<group>"; };
		71CB410C18A5902E00A7B1A4 /* SDWebImageDecoder.m */ = {isa = PBXFileReference; fileEncoding = 4; lastKnownFileType = sourcecode.c.objc; path = SDWebImageDecoder.m; sourceTree = "<group>"; };
		71CB410D18A5902E00A7B1A4 /* SDWebImageDownloader.h */ = {isa = PBXFileReference; fileEncoding = 4; lastKnownFileType = sourcecode.c.h; path = SDWebImageDownloader.h; sourceTree = "<group>"; };
		71CB410E18A5902E00A7B1A4 /* SDWebImageDownloader.m */ = {isa = PBXFileReference; fileEncoding = 4; lastKnownFileType = sourcecode.c.objc; path = SDWebImageDownloader.m; sourceTree = "<group>"; };
		71CB410F18A5902E00A7B1A4 /* SDWebImageDownloaderOperation.h */ = {isa = PBXFileReference; fileEncoding = 4; lastKnownFileType = sourcecode.c.h; path = SDWebImageDownloaderOperation.h; sourceTree = "<group>"; };
		71CB411018A5902E00A7B1A4 /* SDWebImageDownloaderOperation.m */ = {isa = PBXFileReference; fileEncoding = 4; lastKnownFileType = sourcecode.c.objc; path = SDWebImageDownloaderOperation.m; sourceTree = "<group>"; };
		71CB411118A5902E00A7B1A4 /* SDWebImageManager.h */ = {isa = PBXFileReference; fileEncoding = 4; lastKnownFileType = sourcecode.c.h; path = SDWebImageManager.h; sourceTree = "<group>"; };
		71CB411218A5902E00A7B1A4 /* SDWebImageManager.m */ = {isa = PBXFileReference; fileEncoding = 4; lastKnownFileType = sourcecode.c.objc; path = SDWebImageManager.m; sourceTree = "<group>"; };
		71CB411318A5902E00A7B1A4 /* SDWebImageOperation.h */ = {isa = PBXFileReference; fileEncoding = 4; lastKnownFileType = sourcecode.c.h; path = SDWebImageOperation.h; sourceTree = "<group>"; };
		71CB411418A5902E00A7B1A4 /* SDWebImagePrefetcher.h */ = {isa = PBXFileReference; fileEncoding = 4; lastKnownFileType = sourcecode.c.h; path = SDWebImagePrefetcher.h; sourceTree = "<group>"; };
		71CB411518A5902E00A7B1A4 /* SDWebImagePrefetcher.m */ = {isa = PBXFileReference; fileEncoding = 4; lastKnownFileType = sourcecode.c.objc; path = SDWebImagePrefetcher.m; sourceTree = "<group>"; };
		71CB411618A5902E00A7B1A4 /* UIButton+WebCache.h */ = {isa = PBXFileReference; fileEncoding = 4; lastKnownFileType = sourcecode.c.h; path = "UIButton+WebCache.h"; sourceTree = "<group>"; };
		71CB411718A5902E00A7B1A4 /* UIButton+WebCache.m */ = {isa = PBXFileReference; fileEncoding = 4; lastKnownFileType = sourcecode.c.objc; path = "UIButton+WebCache.m"; sourceTree = "<group>"; };
		71CB411818A5902E00A7B1A4 /* UIImage+GIF.h */ = {isa = PBXFileReference; fileEncoding = 4; lastKnownFileType = sourcecode.c.h; path = "UIImage+GIF.h"; sourceTree = "<group>"; };
		71CB411918A5902E00A7B1A4 /* UIImage+GIF.m */ = {isa = PBXFileReference; fileEncoding = 4; lastKnownFileType = sourcecode.c.objc; path = "UIImage+GIF.m"; sourceTree = "<group>"; };
		71CB411A18A5902E00A7B1A4 /* UIImage+MultiFormat.h */ = {isa = PBXFileReference; fileEncoding = 4; lastKnownFileType = sourcecode.c.h; path = "UIImage+MultiFormat.h"; sourceTree = "<group>"; };
		71CB411B18A5902E00A7B1A4 /* UIImage+MultiFormat.m */ = {isa = PBXFileReference; fileEncoding = 4; lastKnownFileType = sourcecode.c.objc; path = "UIImage+MultiFormat.m"; sourceTree = "<group>"; };
		71CB411C18A5902E00A7B1A4 /* UIImage+WebP.h */ = {isa = PBXFileReference; fileEncoding = 4; lastKnownFileType = sourcecode.c.h; path = "UIImage+WebP.h"; sourceTree = "<group>"; };
		71CB411D18A5902E00A7B1A4 /* UIImage+WebP.m */ = {isa = PBXFileReference; fileEncoding = 4; lastKnownFileType = sourcecode.c.objc; path = "UIImage+WebP.m"; sourceTree = "<group>"; };
		71CB411E18A5902E00A7B1A4 /* UIImageView+WebCache.h */ = {isa = PBXFileReference; fileEncoding = 4; lastKnownFileType = sourcecode.c.h; path = "UIImageView+WebCache.h"; sourceTree = "<group>"; };
		71CB411F18A5902E00A7B1A4 /* UIImageView+WebCache.m */ = {isa = PBXFileReference; fileEncoding = 4; lastKnownFileType = sourcecode.c.objc; path = "UIImageView+WebCache.m"; sourceTree = "<group>"; };
/* End PBXFileReference section */

/* Begin PBXFrameworksBuildPhase section */
		713A6C3F18A2A00C00741726 /* Frameworks */ = {
			isa = PBXFrameworksBuildPhase;
			buildActionMask = 2147483647;
			files = (
				7144207318A961000020BD0A /* CoreData.framework in Frameworks */,
				711B7F8018A41E33008702FC /* SystemConfiguration.framework in Frameworks */,
				711B7F7E18A41E23008702FC /* StoreKit.framework in Frameworks */,
				711B7F7C18A41E1A008702FC /* Security.framework in Frameworks */,
				711B7F7A18A41E0D008702FC /* QuartzCore.framework in Frameworks */,
				711B7F7818A41E04008702FC /* MobileCoreServices.framework in Frameworks */,
				711B7F7618A41DF5008702FC /* libz.dylib in Frameworks */,
				711B7F7418A41DED008702FC /* CoreLocation.framework in Frameworks */,
				711B7F7218A41DE0008702FC /* CFNetwork.framework in Frameworks */,
				711B7F7018A41DD9008702FC /* AudioToolbox.framework in Frameworks */,
				713A6C7E18A2A4F000741726 /* MapKit.framework in Frameworks */,
				713A6C4818A2A00C00741726 /* CoreGraphics.framework in Frameworks */,
				711B7F8218A42528008702FC /* FacebookSDK.framework in Frameworks */,
				713A6C4A18A2A00C00741726 /* UIKit.framework in Frameworks */,
				713A6C4618A2A00C00741726 /* Foundation.framework in Frameworks */,
				711B7F6E18A41DAB008702FC /* Parse.framework in Frameworks */,
			);
			runOnlyForDeploymentPostprocessing = 0;
		};
		713A6C5A18A2A00C00741726 /* Frameworks */ = {
			isa = PBXFrameworksBuildPhase;
			buildActionMask = 2147483647;
			files = (
				713A6C5F18A2A00C00741726 /* XCTest.framework in Frameworks */,
				713A6C6118A2A00C00741726 /* UIKit.framework in Frameworks */,
				713A6C6018A2A00C00741726 /* Foundation.framework in Frameworks */,
			);
			runOnlyForDeploymentPostprocessing = 0;
		};
/* End PBXFrameworksBuildPhase section */

/* Begin PBXGroup section */
		713A6C3918A2A00C00741726 = {
			isa = PBXGroup;
			children = (
				711B7F6D18A41DAB008702FC /* Parse.framework */,
				713A6C4B18A2A00C00741726 /* ARMap */,
				713A6C6418A2A00C00741726 /* ARMapTests */,
				713A6C4418A2A00C00741726 /* Frameworks */,
				713A6C4318A2A00C00741726 /* Products */,
			);
			sourceTree = "<group>";
		};
		713A6C4318A2A00C00741726 /* Products */ = {
			isa = PBXGroup;
			children = (
				713A6C4218A2A00C00741726 /* ARMap.app */,
				713A6C5D18A2A00C00741726 /* ARMapTests.xctest */,
			);
			name = Products;
			sourceTree = "<group>";
		};
		713A6C4418A2A00C00741726 /* Frameworks */ = {
			isa = PBXGroup;
			children = (
				7144207218A961000020BD0A /* CoreData.framework */,
				711B7F8118A42528008702FC /* FacebookSDK.framework */,
				711B7F7F18A41E33008702FC /* SystemConfiguration.framework */,
				711B7F7D18A41E23008702FC /* StoreKit.framework */,
				711B7F7B18A41E1A008702FC /* Security.framework */,
				711B7F7918A41E0D008702FC /* QuartzCore.framework */,
				711B7F7718A41E04008702FC /* MobileCoreServices.framework */,
				711B7F7518A41DF5008702FC /* libz.dylib */,
				711B7F7318A41DED008702FC /* CoreLocation.framework */,
				711B7F7118A41DE0008702FC /* CFNetwork.framework */,
				711B7F6F18A41DD9008702FC /* AudioToolbox.framework */,
				713A6C7D18A2A4F000741726 /* MapKit.framework */,
				713A6C4518A2A00C00741726 /* Foundation.framework */,
				713A6C4718A2A00C00741726 /* CoreGraphics.framework */,
				713A6C4918A2A00C00741726 /* UIKit.framework */,
				713A6C5E18A2A00C00741726 /* XCTest.framework */,
			);
			name = Frameworks;
			sourceTree = "<group>";
		};
		713A6C4B18A2A00C00741726 /* ARMap */ = {
			isa = PBXGroup;
			children = (
				7144206B18A95C1C0020BD0A /* CoreData */,
				713A6C8218A2C79C00741726 /* CutImage */,
				713A6C7418A2A09C00741726 /* View */,
				713A6C5418A2A00C00741726 /* ARAppDelegate.h */,
				713A6C5518A2A00C00741726 /* ARAppDelegate.m */,
				713A6C5718A2A00C00741726 /* Images.xcassets */,
				713A6C4C18A2A00C00741726 /* Supporting Files */,
			);
			path = ARMap;
			sourceTree = "<group>";
		};
		713A6C4C18A2A00C00741726 /* Supporting Files */ = {
			isa = PBXGroup;
			children = (
				713A6C4D18A2A00C00741726 /* ARMap-Info.plist */,
				713A6C4E18A2A00C00741726 /* InfoPlist.strings */,
				713A6C5118A2A00C00741726 /* main.m */,
				713A6C5318A2A00C00741726 /* ARMap-Prefix.pch */,
			);
			name = "Supporting Files";
			sourceTree = "<group>";
		};
		713A6C6418A2A00C00741726 /* ARMapTests */ = {
			isa = PBXGroup;
			children = (
				713A6C6A18A2A00C00741726 /* ARMapTests.m */,
				713A6C6518A2A00C00741726 /* Supporting Files */,
			);
			path = ARMapTests;
			sourceTree = "<group>";
		};
		713A6C6518A2A00C00741726 /* Supporting Files */ = {
			isa = PBXGroup;
			children = (
				713A6C6618A2A00C00741726 /* ARMapTests-Info.plist */,
				713A6C6718A2A00C00741726 /* InfoPlist.strings */,
			);
			name = "Supporting Files";
			sourceTree = "<group>";
		};
		713A6C7418A2A09C00741726 /* View */ = {
			isa = PBXGroup;
			children = (
				71CB410218A5902E00A7B1A4 /* SDWebImage */,
				71CB40FA18A5331A00A7B1A4 /* MapView */,
				713A6C7518A2A0F400741726 /* ARMapViewController.h */,
				713A6C7618A2A0F400741726 /* ARMapViewController.m */,
				713A6C7718A2A0F400741726 /* ARMapViewController~iphone.xib */,
				713A6C7B18A2A1A500741726 /* ARMapViewController~ipad.xib */,
				711B7F6618A41B4B008702FC /* ARStateViewController.h */,
				711B7F6718A41B4B008702FC /* ARStateViewController.m */,
				711B7F6818A41B4B008702FC /* ARStateViewController~iphone.xib */,
				711B7F8318A4263B008702FC /* ARStateViewController~ipad.xib */,
			);
			name = View;
			sourceTree = "<group>";
		};
		713A6C8218A2C79C00741726 /* CutImage */ = {
			isa = PBXGroup;
			children = (
				713A6C8318A2C79C00741726 /* cat.png */,
				713A6C8418A2C79C00741726 /* monkey.png */,
			);
			path = CutImage;
			sourceTree = SOURCE_ROOT;
		};
		7144206B18A95C1C0020BD0A /* CoreData */ = {
			isa = PBXGroup;
			children = (
				7144206C18A95C5F0020BD0A /* UserInfo.xcdatamodeld */,
				7129541618B3D08E00A3C27A /* Weapon.h */,
				7129541718B3D08E00A3C27A /* Weapon.m */,
				719571EE18A96DBF00464B00 /* Score.h */,
				719571EF18A96DBF00464B00 /* Score.m */,
				7144206F18A960030020BD0A /* User.h */,
				7144207018A960030020BD0A /* User.m */,
				7144207418A961C70020BD0A /* ARCoreDataController.h */,
				7144207518A961C70020BD0A /* ARCoreDataController.m */,
			);
			name = CoreData;
			sourceTree = "<group>";
		};
		71CB40FA18A5331A00A7B1A4 /* MapView */ = {
			isa = PBXGroup;
			children = (
				713A6C7F18A2AAB400741726 /* ARGeoPointAnnotation.h */,
				713A6C8018A2AAB400741726 /* ARGeoPointAnnotation.m */,
				71CB40FB18A5338B00A7B1A4 /* ARGeoQueryAnnotation.h */,
				71CB40FC18A5338B00A7B1A4 /* ARGeoQueryAnnotation.m */,
				71CB40FF18A5342000A7B1A4 /* ARCircleOverlay.h */,
				71CB410018A5342000A7B1A4 /* ARCircleOverlay.m */,
			);
			name = MapView;
			sourceTree = "<group>";
		};
		71CB410218A5902E00A7B1A4 /* SDWebImage */ = {
			isa = PBXGroup;
			children = (
				71CB410318A5902E00A7B1A4 /* MKAnnotationView+WebCache.h */,
				71CB410418A5902E00A7B1A4 /* MKAnnotationView+WebCache.m */,
				71CB410518A5902E00A7B1A4 /* NSData+GIF.h */,
				71CB410618A5902E00A7B1A4 /* NSData+GIF.m */,
				71CB410718A5902E00A7B1A4 /* SDImageCache.h */,
				71CB410818A5902E00A7B1A4 /* SDImageCache.m */,
				71CB410918A5902E00A7B1A4 /* SDWebImageCompat.h */,
				71CB410A18A5902E00A7B1A4 /* SDWebImageCompat.m */,
				71CB410B18A5902E00A7B1A4 /* SDWebImageDecoder.h */,
				71CB410C18A5902E00A7B1A4 /* SDWebImageDecoder.m */,
				71CB410D18A5902E00A7B1A4 /* SDWebImageDownloader.h */,
				71CB410E18A5902E00A7B1A4 /* SDWebImageDownloader.m */,
				71CB410F18A5902E00A7B1A4 /* SDWebImageDownloaderOperation.h */,
				71CB411018A5902E00A7B1A4 /* SDWebImageDownloaderOperation.m */,
				71CB411118A5902E00A7B1A4 /* SDWebImageManager.h */,
				71CB411218A5902E00A7B1A4 /* SDWebImageManager.m */,
				71CB411318A5902E00A7B1A4 /* SDWebImageOperation.h */,
				71CB411418A5902E00A7B1A4 /* SDWebImagePrefetcher.h */,
				71CB411518A5902E00A7B1A4 /* SDWebImagePrefetcher.m */,
				71CB411618A5902E00A7B1A4 /* UIButton+WebCache.h */,
				71CB411718A5902E00A7B1A4 /* UIButton+WebCache.m */,
				71CB411818A5902E00A7B1A4 /* UIImage+GIF.h */,
				71CB411918A5902E00A7B1A4 /* UIImage+GIF.m */,
				71CB411A18A5902E00A7B1A4 /* UIImage+MultiFormat.h */,
				71CB411B18A5902E00A7B1A4 /* UIImage+MultiFormat.m */,
				71CB411C18A5902E00A7B1A4 /* UIImage+WebP.h */,
				71CB411D18A5902E00A7B1A4 /* UIImage+WebP.m */,
				71CB411E18A5902E00A7B1A4 /* UIImageView+WebCache.h */,
				71CB411F18A5902E00A7B1A4 /* UIImageView+WebCache.m */,
			);
			path = SDWebImage;
			sourceTree = "<group>";
		};
/* End PBXGroup section */

/* Begin PBXNativeTarget section */
		713A6C4118A2A00C00741726 /* ARMap */ = {
			isa = PBXNativeTarget;
			buildConfigurationList = 713A6C6E18A2A00C00741726 /* Build configuration list for PBXNativeTarget "ARMap" */;
			buildPhases = (
				713A6C3E18A2A00C00741726 /* Sources */,
				713A6C3F18A2A00C00741726 /* Frameworks */,
				713A6C4018A2A00C00741726 /* Resources */,
			);
			buildRules = (
			);
			dependencies = (
			);
			name = ARMap;
			productName = ARMap;
			productReference = 713A6C4218A2A00C00741726 /* ARMap.app */;
			productType = "com.apple.product-type.application";
		};
		713A6C5C18A2A00C00741726 /* ARMapTests */ = {
			isa = PBXNativeTarget;
			buildConfigurationList = 713A6C7118A2A00C00741726 /* Build configuration list for PBXNativeTarget "ARMapTests" */;
			buildPhases = (
				713A6C5918A2A00C00741726 /* Sources */,
				713A6C5A18A2A00C00741726 /* Frameworks */,
				713A6C5B18A2A00C00741726 /* Resources */,
			);
			buildRules = (
			);
			dependencies = (
				713A6C6318A2A00C00741726 /* PBXTargetDependency */,
			);
			name = ARMapTests;
			productName = ARMapTests;
			productReference = 713A6C5D18A2A00C00741726 /* ARMapTests.xctest */;
			productType = "com.apple.product-type.bundle.unit-test";
		};
/* End PBXNativeTarget section */

/* Begin PBXProject section */
		713A6C3A18A2A00C00741726 /* Project object */ = {
			isa = PBXProject;
			attributes = {
				CLASSPREFIX = AR;
				LastUpgradeCheck = 0500;
				ORGANIZATIONNAME = "Won Kim";
				TargetAttributes = {
					713A6C5C18A2A00C00741726 = {
						TestTargetID = 713A6C4118A2A00C00741726;
					};
				};
			};
			buildConfigurationList = 713A6C3D18A2A00C00741726 /* Build configuration list for PBXProject "ARMap" */;
			compatibilityVersion = "Xcode 3.2";
			developmentRegion = English;
			hasScannedForEncodings = 0;
			knownRegions = (
				en,
			);
			mainGroup = 713A6C3918A2A00C00741726;
			productRefGroup = 713A6C4318A2A00C00741726 /* Products */;
			projectDirPath = "";
			projectRoot = "";
			targets = (
				713A6C4118A2A00C00741726 /* ARMap */,
				713A6C5C18A2A00C00741726 /* ARMapTests */,
			);
		};
/* End PBXProject section */

/* Begin PBXResourcesBuildPhase section */
		713A6C4018A2A00C00741726 /* Resources */ = {
			isa = PBXResourcesBuildPhase;
			buildActionMask = 2147483647;
			files = (
				713A6C8618A2C79C00741726 /* monkey.png in Resources */,
				713A6C8518A2C79C00741726 /* cat.png in Resources */,
				711B7F6A18A41B4B008702FC /* ARStateViewController~iphone.xib in Resources */,
				713A6C7918A2A0F400741726 /* ARMapViewController~iphone.xib in Resources */,
				713A6C7C18A2A1A500741726 /* ARMapViewController~ipad.xib in Resources */,
				713A6C5018A2A00C00741726 /* InfoPlist.strings in Resources */,
				711B7F8418A4263B008702FC /* ARStateViewController~ipad.xib in Resources */,
				713A6C5818A2A00C00741726 /* Images.xcassets in Resources */,
			);
			runOnlyForDeploymentPostprocessing = 0;
		};
		713A6C5B18A2A00C00741726 /* Resources */ = {
			isa = PBXResourcesBuildPhase;
			buildActionMask = 2147483647;
			files = (
				713A6C6918A2A00C00741726 /* InfoPlist.strings in Resources */,
			);
			runOnlyForDeploymentPostprocessing = 0;
		};
/* End PBXResourcesBuildPhase section */

/* Begin PBXSourcesBuildPhase section */
		713A6C3E18A2A00C00741726 /* Sources */ = {
			isa = PBXSourcesBuildPhase;
			buildActionMask = 2147483647;
			files = (
				71CB412A18A5902E00A7B1A4 /* UIImage+GIF.m in Sources */,
				71CB412318A5902E00A7B1A4 /* SDWebImageCompat.m in Sources */,
				71CB412918A5902E00A7B1A4 /* UIButton+WebCache.m in Sources */,
				71CB412B18A5902E00A7B1A4 /* UIImage+MultiFormat.m in Sources */,
				7144206E18A95C5F0020BD0A /* UserInfo.xcdatamodeld in Sources */,
				71CB412818A5902E00A7B1A4 /* SDWebImagePrefetcher.m in Sources */,
				713A6C7818A2A0F400741726 /* ARMapViewController.m in Sources */,
				719571F018A96DBF00464B00 /* Score.m in Sources */,
				71CB412018A5902E00A7B1A4 /* MKAnnotationView+WebCache.m in Sources */,
				71CB412C18A5902E00A7B1A4 /* UIImage+WebP.m in Sources */,
				713A6C5218A2A00C00741726 /* main.m in Sources */,
				71CB412618A5902E00A7B1A4 /* SDWebImageDownloaderOperation.m in Sources */,
				71CB412418A5902E00A7B1A4 /* SDWebImageDecoder.m in Sources */,
				7144207118A960030020BD0A /* User.m in Sources */,
				71CB412D18A5902E00A7B1A4 /* UIImageView+WebCache.m in Sources */,
				71CB410118A5342000A7B1A4 /* ARCircleOverlay.m in Sources */,
				71CB412118A5902E00A7B1A4 /* NSData+GIF.m in Sources */,
				71CB412518A5902E00A7B1A4 /* SDWebImageDownloader.m in Sources */,
				711B7F6918A41B4B008702FC /* ARStateViewController.m in Sources */,
				7129541818B3D08E00A3C27A /* Weapon.m in Sources */,
				713A6C5618A2A00C00741726 /* ARAppDelegate.m in Sources */,
				7144207618A961C70020BD0A /* ARCoreDataController.m in Sources */,
				71CB40FD18A5338C00A7B1A4 /* ARGeoQueryAnnotation.m in Sources */,
				71CB412718A5902E00A7B1A4 /* SDWebImageManager.m in Sources */,
				713A6C8118A2AAB400741726 /* ARGeoPointAnnotation.m in Sources */,
				71CB412218A5902E00A7B1A4 /* SDImageCache.m in Sources */,
			);
			runOnlyForDeploymentPostprocessing = 0;
		};
		713A6C5918A2A00C00741726 /* Sources */ = {
			isa = PBXSourcesBuildPhase;
			buildActionMask = 2147483647;
			files = (
				713A6C6B18A2A00C00741726 /* ARMapTests.m in Sources */,
			);
			runOnlyForDeploymentPostprocessing = 0;
		};
/* End PBXSourcesBuildPhase section */

/* Begin PBXTargetDependency section */
		713A6C6318A2A00C00741726 /* PBXTargetDependency */ = {
			isa = PBXTargetDependency;
			target = 713A6C4118A2A00C00741726 /* ARMap */;
			targetProxy = 713A6C6218A2A00C00741726 /* PBXContainerItemProxy */;
		};
/* End PBXTargetDependency section */

/* Begin PBXVariantGroup section */
		713A6C4E18A2A00C00741726 /* InfoPlist.strings */ = {
			isa = PBXVariantGroup;
			children = (
				713A6C4F18A2A00C00741726 /* en */,
			);
			name = InfoPlist.strings;
			sourceTree = "<group>";
		};
		713A6C6718A2A00C00741726 /* InfoPlist.strings */ = {
			isa = PBXVariantGroup;
			children = (
				713A6C6818A2A00C00741726 /* en */,
			);
			name = InfoPlist.strings;
			sourceTree = "<group>";
		};
/* End PBXVariantGroup section */

/* Begin XCBuildConfiguration section */
		713A6C6C18A2A00C00741726 /* Debug */ = {
			isa = XCBuildConfiguration;
			buildSettings = {
				ALWAYS_SEARCH_USER_PATHS = NO;
				ARCHS = "$(ARCHS_STANDARD_INCLUDING_64_BIT)";
				CLANG_CXX_LANGUAGE_STANDARD = "gnu++0x";
				CLANG_CXX_LIBRARY = "libc++";
				CLANG_ENABLE_MODULES = YES;
				CLANG_ENABLE_OBJC_ARC = YES;
				CLANG_WARN_BOOL_CONVERSION = YES;
				CLANG_WARN_CONSTANT_CONVERSION = YES;
				CLANG_WARN_DIRECT_OBJC_ISA_USAGE = YES_ERROR;
				CLANG_WARN_EMPTY_BODY = YES;
				CLANG_WARN_ENUM_CONVERSION = YES;
				CLANG_WARN_INT_CONVERSION = YES;
				CLANG_WARN_OBJC_ROOT_CLASS = YES_ERROR;
				CLANG_WARN__DUPLICATE_METHOD_MATCH = YES;
				"CODE_SIGN_IDENTITY[sdk=iphoneos*]" = "iPhone Developer";
				COPY_PHASE_STRIP = NO;
				GCC_C_LANGUAGE_STANDARD = gnu99;
				GCC_DYNAMIC_NO_PIC = NO;
				GCC_OPTIMIZATION_LEVEL = 0;
				GCC_PREPROCESSOR_DEFINITIONS = (
					"DEBUG=1",
					"$(inherited)",
				);
				GCC_SYMBOLS_PRIVATE_EXTERN = NO;
				GCC_WARN_64_TO_32_BIT_CONVERSION = YES;
				GCC_WARN_ABOUT_RETURN_TYPE = YES_ERROR;
				GCC_WARN_UNDECLARED_SELECTOR = YES;
				GCC_WARN_UNINITIALIZED_AUTOS = YES;
				GCC_WARN_UNUSED_FUNCTION = YES;
				GCC_WARN_UNUSED_VARIABLE = YES;
				IPHONEOS_DEPLOYMENT_TARGET = 7.0;
				ONLY_ACTIVE_ARCH = YES;
				SDKROOT = iphoneos;
				TARGETED_DEVICE_FAMILY = "1,2";
			};
			name = Debug;
		};
		713A6C6D18A2A00C00741726 /* Release */ = {
			isa = XCBuildConfiguration;
			buildSettings = {
				ALWAYS_SEARCH_USER_PATHS = NO;
				ARCHS = "$(ARCHS_STANDARD_INCLUDING_64_BIT)";
				CLANG_CXX_LANGUAGE_STANDARD = "gnu++0x";
				CLANG_CXX_LIBRARY = "libc++";
				CLANG_ENABLE_MODULES = YES;
				CLANG_ENABLE_OBJC_ARC = YES;
				CLANG_WARN_BOOL_CONVERSION = YES;
				CLANG_WARN_CONSTANT_CONVERSION = YES;
				CLANG_WARN_DIRECT_OBJC_ISA_USAGE = YES_ERROR;
				CLANG_WARN_EMPTY_BODY = YES;
				CLANG_WARN_ENUM_CONVERSION = YES;
				CLANG_WARN_INT_CONVERSION = YES;
				CLANG_WARN_OBJC_ROOT_CLASS = YES_ERROR;
				CLANG_WARN__DUPLICATE_METHOD_MATCH = YES;
				"CODE_SIGN_IDENTITY[sdk=iphoneos*]" = "iPhone Developer";
				COPY_PHASE_STRIP = YES;
				ENABLE_NS_ASSERTIONS = NO;
				GCC_C_LANGUAGE_STANDARD = gnu99;
				GCC_WARN_64_TO_32_BIT_CONVERSION = YES;
				GCC_WARN_ABOUT_RETURN_TYPE = YES_ERROR;
				GCC_WARN_UNDECLARED_SELECTOR = YES;
				GCC_WARN_UNINITIALIZED_AUTOS = YES;
				GCC_WARN_UNUSED_FUNCTION = YES;
				GCC_WARN_UNUSED_VARIABLE = YES;
				IPHONEOS_DEPLOYMENT_TARGET = 7.0;
				SDKROOT = iphoneos;
				TARGETED_DEVICE_FAMILY = "1,2";
				VALIDATE_PRODUCT = YES;
			};
			name = Release;
		};
		713A6C6F18A2A00C00741726 /* Debug */ = {
			isa = XCBuildConfiguration;
			buildSettings = {
				ASSETCATALOG_COMPILER_APPICON_NAME = AppIcon;
				ASSETCATALOG_COMPILER_LAUNCHIMAGE_NAME = LaunchImage;
				FRAMEWORK_SEARCH_PATHS = (
					"$(inherited)",
					/Users/wkim/Source/ARMap,
				);
				GCC_PRECOMPILE_PREFIX_HEADER = YES;
				GCC_PREFIX_HEADER = "ARMap/ARMap-Prefix.pch";
				INFOPLIST_FILE = "ARMap/ARMap-Info.plist";
				PRODUCT_NAME = "$(TARGET_NAME)";
				TARGETED_DEVICE_FAMILY = "1,2";
				WRAPPER_EXTENSION = app;
			};
			name = Debug;
		};
		713A6C7018A2A00C00741726 /* Release */ = {
			isa = XCBuildConfiguration;
			buildSettings = {
				ASSETCATALOG_COMPILER_APPICON_NAME = AppIcon;
				ASSETCATALOG_COMPILER_LAUNCHIMAGE_NAME = LaunchImage;
				FRAMEWORK_SEARCH_PATHS = (
					"$(inherited)",
					/Users/wkim/Source/ARMap,
				);
				GCC_PRECOMPILE_PREFIX_HEADER = YES;
				GCC_PREFIX_HEADER = "ARMap/ARMap-Prefix.pch";
				INFOPLIST_FILE = "ARMap/ARMap-Info.plist";
				PRODUCT_NAME = "$(TARGET_NAME)";
				TARGETED_DEVICE_FAMILY = "1,2";
				WRAPPER_EXTENSION = app;
			};
			name = Release;
		};
		713A6C7218A2A00C00741726 /* Debug */ = {
			isa = XCBuildConfiguration;
			buildSettings = {
				ARCHS = "$(ARCHS_STANDARD_INCLUDING_64_BIT)";
				BUNDLE_LOADER = "$(BUILT_PRODUCTS_DIR)/ARMap.app/ARMap";
				FRAMEWORK_SEARCH_PATHS = (
					"$(SDKROOT)/Developer/Library/Frameworks",
					"$(inherited)",
					"$(DEVELOPER_FRAMEWORKS_DIR)",
				);
				GCC_PRECOMPILE_PREFIX_HEADER = YES;
				GCC_PREFIX_HEADER = "ARMap/ARMap-Prefix.pch";
				GCC_PREPROCESSOR_DEFINITIONS = (
					"DEBUG=1",
					"$(inherited)",
				);
				INFOPLIST_FILE = "ARMapTests/ARMapTests-Info.plist";
				PRODUCT_NAME = "$(TARGET_NAME)";
				TEST_HOST = "$(BUNDLE_LOADER)";
				WRAPPER_EXTENSION = xctest;
			};
			name = Debug;
		};
		713A6C7318A2A00C00741726 /* Release */ = {
			isa = XCBuildConfiguration;
			buildSettings = {
				ARCHS = "$(ARCHS_STANDARD_INCLUDING_64_BIT)";
				BUNDLE_LOADER = "$(BUILT_PRODUCTS_DIR)/ARMap.app/ARMap";
				FRAMEWORK_SEARCH_PATHS = (
					"$(SDKROOT)/Developer/Library/Frameworks",
					"$(inherited)",
					"$(DEVELOPER_FRAMEWORKS_DIR)",
				);
				GCC_PRECOMPILE_PREFIX_HEADER = YES;
				GCC_PREFIX_HEADER = "ARMap/ARMap-Prefix.pch";
				INFOPLIST_FILE = "ARMapTests/ARMapTests-Info.plist";
				PRODUCT_NAME = "$(TARGET_NAME)";
				TEST_HOST = "$(BUNDLE_LOADER)";
				WRAPPER_EXTENSION = xctest;
			};
			name = Release;
		};
/* End XCBuildConfiguration section */

/* Begin XCConfigurationList section */
		713A6C3D18A2A00C00741726 /* Build configuration list for PBXProject "ARMap" */ = {
			isa = XCConfigurationList;
			buildConfigurations = (
				713A6C6C18A2A00C00741726 /* Debug */,
				713A6C6D18A2A00C00741726 /* Release */,
			);
			defaultConfigurationIsVisible = 0;
			defaultConfigurationName = Release;
		};
		713A6C6E18A2A00C00741726 /* Build configuration list for PBXNativeTarget "ARMap" */ = {
			isa = XCConfigurationList;
			buildConfigurations = (
				713A6C6F18A2A00C00741726 /* Debug */,
				713A6C7018A2A00C00741726 /* Release */,
			);
			defaultConfigurationIsVisible = 0;
			defaultConfigurationName = Release;
		};
		713A6C7118A2A00C00741726 /* Build configuration list for PBXNativeTarget "ARMapTests" */ = {
			isa = XCConfigurationList;
			buildConfigurations = (
				713A6C7218A2A00C00741726 /* Debug */,
				713A6C7318A2A00C00741726 /* Release */,
			);
			defaultConfigurationIsVisible = 0;
			defaultConfigurationName = Release;
		};
/* End XCConfigurationList section */

/* Begin XCVersionGroup section */
		7144206C18A95C5F0020BD0A /* UserInfo.xcdatamodeld */ = {
			isa = XCVersionGroup;
			children = (
				7144206D18A95C5F0020BD0A /* UserInfo.xcdatamodel */,
			);
			currentVersion = 7144206D18A95C5F0020BD0A /* UserInfo.xcdatamodel */;
			path = UserInfo.xcdatamodeld;
			sourceTree = "<group>";
			versionGroupType = wrapper.xcdatamodel;
		};
/* End XCVersionGroup section */
	};
	rootObject = 713A6C3A18A2A00C00741726 /* Project object */;
}
